
Microsoft Visual Studio Solution File, Format Version 12.00
# Visual Studio Version 17
VisualStudioVersion = 17.1.32210.238
MinimumVisualStudioVersion = 10.0.40219.1
Project("{FAE04EC0-301F-11D3-BF4B-00C04F79EFBC}") = "QuizBack", "QuizBack.csproj", "{DD73A4FA-48BF-4AA7-B575-EC1458D9EE5B}"
EndProject
Global
	GlobalSection(SolutionConfigurationPlatforms) = preSolution
		Debug|Any CPU = Debug|Any CPU
		Release|Any CPU = Release|Any CPU
	EndGlobalSection
	GlobalSection(ProjectConfigurationPlatforms) = postSolution
		{DD73A4FA-48BF-4AA7-B575-EC1458D9EE5B}.Debug|Any CPU.ActiveCfg = Debug|Any CPU
		{DD73A4FA-48BF-4AA7-B575-EC1458D9EE5B}.Debug|Any CPU.Build.0 = Debug|Any CPU
		{DD73A4FA-48BF-4AA7-B575-EC1458D9EE5B}.Release|Any CPU.ActiveCfg = Release|Any CPU
		{DD73A4FA-48BF-4AA7-B575-EC1458D9EE5B}.Release|Any CPU.Build.0 = Release|Any CPU
	EndGlobalSection
	GlobalSection(SolutionProperties) = preSolution
		HideSolutionNode = FALSE
	EndGlobalSection
	GlobalSection(ExtensibilityGlobals) = postSolution
		SolutionGuid = {7998CB0D-5B67-498A-8688-8FFA56CBA5FA}
	EndGlobalSection
EndGlobal
